{
  "name": "markdown-emoji",
  "version": "1.0.0",
  "lockfileVersion": 1,
  "requires": true,
  "dependencies": {
    "gemoji": {
      "version": "4.2.1",
      "resolved": "https://registry.npmjs.org/gemoji/-/gemoji-4.2.1.tgz",
      "integrity": "sha512-V9lUpRSn+KQGavZx8Pk+6mxG3kaz21ae2kTCXuT36KaRPNgYU8eHtj/RcUCNFVvmwppsYYz3nnNS9lmcP5kTsg=="
    },
    "remark-gemoji": {
      "version": "4.0.2",
      "resolved": "https://registry.npmjs.org/remark-gemoji/-/remark-gemoji-4.0.2.tgz",
      "integrity": "sha512-XIMYWUSfDSmDU6cBEAWc6+gwMFpnmOOWOMaNfJmgAJNWbPLsQ2E8vvVWgK6fLTfgh3X5iZUHz0eD5WHoBz82cw==",
      "requires": {
        "gemoji": "^4.1.0"
      }
    },
    "remark-gemoji-to-emoji": {
      "version": "1.1.0",
      "resolved": "https://registry.npmjs.org/remark-gemoji-to-emoji/-/remark-gemoji-to-emoji-1.1.0.tgz",
      "integrity": "sha1-Pc0KiBGgyBu2NROsCzbyJYpVMPU=",
      "requires": {
        "gemoji": "^4.0.0",
        "unist-util-visit": "^1.0.0"
      }
    },
    "unist-util-is": {
      "version": "2.1.2",
      "resolved": "https://registry.npmjs.org/unist-util-is/-/unist-util-is-2.1.2.tgz",
      "integrity": "sha512-YkXBK/H9raAmG7KXck+UUpnKiNmUdB+aBGrknfQ4EreE1banuzrKABx3jP6Z5Z3fMSPMQQmeXBlKpCbMwBkxVw=="
    },
    "unist-util-visit": {
      "version": "1.4.0",
      "resolved": "https://registry.npmjs.org/unist-util-visit/-/unist-util-visit-1.4.0.tgz",
      "integrity": "sha512-FiGu34ziNsZA3ZUteZxSFaczIjGmksfSgdKqBfOejrrfzyUy5b7YrlzT1Bcvi+djkYDituJDy2XB7tGTeBieKw==",
      "requires": {
        "unist-util-visit-parents": "^2.0.0"
      }
    },
    "unist-util-visit-parents": {
      "version": "2.0.1",
      "resolved": "https://registry.npmjs.org/unist-util-visit-parents/-/unist-util-visit-parents-2.0.1.tgz",
      "integrity": "sha512-6B0UTiMfdWql4cQ03gDTCSns+64Zkfo2OCbK31Ov0uMizEz+CJeAp0cgZVb5Fhmcd7Bct2iRNywejT0orpbqUA==",
      "requires": {
        "unist-util-is": "^2.1.2"
      }
    }
  }
}
